
Microsoft Visual Studio Solution File, Format Version 12.00
# Visual Studio Version 17
VisualStudioVersion = 17.11.35222.181
MinimumVisualStudioVersion = 10.0.40219.1
Project("{FAE04EC0-301F-11D3-BF4B-00C04F79EFBC}") = "ActividadPractica04", "ActividadPractica04\ActividadPractica04.csproj", "{01E4ED05-7C5E-4B3B-AE8E-75DF8A86BA3E}"
EndProject
Project("{FAE04EC0-301F-11D3-BF4B-00C04F79EFBC}") = "Backend", "Backend\Backend.csproj", "{76CC5382-F716-4EFA-8016-C16654D1F6F6}"
EndProject
Global
	GlobalSection(SolutionConfigurationPlatforms) = preSolution
		Debug|Any CPU = Debug|Any CPU
		Release|Any CPU = Release|Any CPU
	EndGlobalSection
	GlobalSection(ProjectConfigurationPlatforms) = postSolution
		{01E4ED05-7C5E-4B3B-AE8E-75DF8A86BA3E}.Debug|Any CPU.ActiveCfg = Debug|Any CPU
		{01E4ED05-7C5E-4B3B-AE8E-75DF8A86BA3E}.Debug|Any CPU.Build.0 = Debug|Any CPU
		{01E4ED05-7C5E-4B3B-AE8E-75DF8A86BA3E}.Release|Any CPU.ActiveCfg = Release|Any CPU
		{01E4ED05-7C5E-4B3B-AE8E-75DF8A86BA3E}.Release|Any CPU.Build.0 = Release|Any CPU
		{76CC5382-F716-4EFA-8016-C16654D1F6F6}.Debug|Any CPU.ActiveCfg = Debug|Any CPU
		{76CC5382-F716-4EFA-8016-C16654D1F6F6}.Debug|Any CPU.Build.0 = Debug|Any CPU
		{76CC5382-F716-4EFA-8016-C16654D1F6F6}.Release|Any CPU.ActiveCfg = Release|Any CPU
		{76CC5382-F716-4EFA-8016-C16654D1F6F6}.Release|Any CPU.Build.0 = Release|Any CPU
	EndGlobalSection
	GlobalSection(SolutionProperties) = preSolution
		HideSolutionNode = FALSE
	EndGlobalSection
	GlobalSection(ExtensibilityGlobals) = postSolution
		SolutionGuid = {9A46C6C8-F40F-43EE-8F1E-0D20E0C13865}
	EndGlobalSection
EndGlobal
